
Microsoft Visual Studio Solution File, Format Version 11.00
# Visual Studio 2010
Project("{FAE04EC0-301F-11D3-BF4B-00C04F79EFBC}") = "terrain_proj", "Assembly-CSharp-firstpass.csproj", "{497506E8-FC19-C616-977C-9574595D5C13}"
EndProject
Project("{FAE04EC0-301F-11D3-BF4B-00C04F79EFBC}") = "terrain_proj", "Assembly-CSharp.csproj", "{1B9A18A9-49DA-F3A3-F106-017143AFB14C}"
EndProject
Project("{FAE04EC0-301F-11D3-BF4B-00C04F79EFBC}") = "terrain_proj", "Assembly-CSharp-Editor.csproj", "{F5CBFADE-D1C3-407F-BAEF-19CBB65DDD44}"
EndProject
Project("{FAE04EC0-301F-11D3-BF4B-00C04F79EFBC}") = "terrain_proj", "Assembly-CSharp-Editor-firstpass.csproj", "{668B11CC-EDCD-45E2-FB58-67B3480A1144}"
EndProject
Global
	GlobalSection(SolutionConfigurationPlatforms) = preSolution
		Debug|Any CPU = Debug|Any CPU
		Release|Any CPU = Release|Any CPU
	EndGlobalSection
	GlobalSection(ProjectConfigurationPlatforms) = postSolution
		{497506E8-FC19-C616-977C-9574595D5C13}.Debug|Any CPU.ActiveCfg = Debug|Any CPU
		{497506E8-FC19-C616-977C-9574595D5C13}.Debug|Any CPU.Build.0 = Debug|Any CPU
		{497506E8-FC19-C616-977C-9574595D5C13}.Release|Any CPU.ActiveCfg = Release|Any CPU
		{497506E8-FC19-C616-977C-9574595D5C13}.Release|Any CPU.Build.0 = Release|Any CPU
		{1B9A18A9-49DA-F3A3-F106-017143AFB14C}.Debug|Any CPU.ActiveCfg = Debug|Any CPU
		{1B9A18A9-49DA-F3A3-F106-017143AFB14C}.Debug|Any CPU.Build.0 = Debug|Any CPU
		{1B9A18A9-49DA-F3A3-F106-017143AFB14C}.Release|Any CPU.ActiveCfg = Release|Any CPU
		{1B9A18A9-49DA-F3A3-F106-017143AFB14C}.Release|Any CPU.Build.0 = Release|Any CPU
		{F5CBFADE-D1C3-407F-BAEF-19CBB65DDD44}.Debug|Any CPU.ActiveCfg = Debug|Any CPU
		{F5CBFADE-D1C3-407F-BAEF-19CBB65DDD44}.Debug|Any CPU.Build.0 = Debug|Any CPU
		{F5CBFADE-D1C3-407F-BAEF-19CBB65DDD44}.Release|Any CPU.ActiveCfg = Release|Any CPU
		{F5CBFADE-D1C3-407F-BAEF-19CBB65DDD44}.Release|Any CPU.Build.0 = Release|Any CPU
		{668B11CC-EDCD-45E2-FB58-67B3480A1144}.Debug|Any CPU.ActiveCfg = Debug|Any CPU
		{668B11CC-EDCD-45E2-FB58-67B3480A1144}.Debug|Any CPU.Build.0 = Debug|Any CPU
		{668B11CC-EDCD-45E2-FB58-67B3480A1144}.Release|Any CPU.ActiveCfg = Release|Any CPU
		{668B11CC-EDCD-45E2-FB58-67B3480A1144}.Release|Any CPU.Build.0 = Release|Any CPU
	EndGlobalSection
	GlobalSection(SolutionProperties) = preSolution
		HideSolutionNode = FALSE
	EndGlobalSection
	GlobalSection(MonoDevelopProperties) = preSolution
		StartupItem = Assembly-CSharp.csproj
	EndGlobalSection
EndGlobal
